
Microsoft Visual Studio Solution File, Format Version 12.00
# Visual Studio 15
Project("{FAE04EC0-301F-11D3-BF4B-00C04F79EFBC}") = "SendEmail", "SendEmail\SendEmail.csproj", "{638EF117-9FD1-49B8-9233-5F3EBC4A714C}"
EndProject
Global
	GlobalSection(SolutionConfigurationPlatforms) = preSolution
		Debug|Any CPU = Debug|Any CPU
		Release|Any CPU = Release|Any CPU
	EndGlobalSection
	GlobalSection(ProjectConfigurationPlatforms) = postSolution
		{638EF117-9FD1-49B8-9233-5F3EBC4A714C}.Debug|Any CPU.ActiveCfg = Debug|Any CPU
		{638EF117-9FD1-49B8-9233-5F3EBC4A714C}.Debug|Any CPU.Build.0 = Debug|Any CPU
		{638EF117-9FD1-49B8-9233-5F3EBC4A714C}.Release|Any CPU.ActiveCfg = Release|Any CPU
		{638EF117-9FD1-49B8-9233-5F3EBC4A714C}.Release|Any CPU.Build.0 = Release|Any CPU
	EndGlobalSection
EndGlobal
